
Microsoft Visual Studio Solution File, Format Version 12.00
# Visual Studio Version 16
VisualStudioVersion = 16.0.30114.105
MinimumVisualStudioVersion = 10.0.40219.1
Project("{FAE04EC0-301F-11D3-BF4B-00C04F79EFBC}") = "EntityFrameworkTest.Console", "EntityFrameworkTest.Console.csproj", "{882BA230-2E35-46D4-9327-334A1B5FB60C}"
EndProject
Global
	GlobalSection(SolutionConfigurationPlatforms) = preSolution
		Debug|Any CPU = Debug|Any CPU
		Release|Any CPU = Release|Any CPU
	EndGlobalSection
	GlobalSection(ProjectConfigurationPlatforms) = postSolution
		{882BA230-2E35-46D4-9327-334A1B5FB60C}.Debug|Any CPU.ActiveCfg = Debug|Any CPU
		{882BA230-2E35-46D4-9327-334A1B5FB60C}.Debug|Any CPU.Build.0 = Debug|Any CPU
		{882BA230-2E35-46D4-9327-334A1B5FB60C}.Release|Any CPU.ActiveCfg = Release|Any CPU
		{882BA230-2E35-46D4-9327-334A1B5FB60C}.Release|Any CPU.Build.0 = Release|Any CPU
	EndGlobalSection
	GlobalSection(SolutionProperties) = preSolution
		HideSolutionNode = FALSE
	EndGlobalSection
	GlobalSection(ExtensibilityGlobals) = postSolution
		SolutionGuid = {A68FB299-9A43-40CB-824B-AE64EE6E0B4F}
	EndGlobalSection
EndGlobal
